// !$*UTF8*$!
{
	archiveVersion = 1;
	classes = {
	};
	objectVersion = 46;
	objects = {

/* Begin PBXBuildFile section */
		739B70B31C22823E00BCD8BA /* RNAES.h in CopyFiles */ = {isa = PBXBuildFile; fileRef = 739B70B21C22823E00BCD8BA /* RNAES.h */; };
		739B70B51C22823E00BCD8BA /* RNAES.m in Sources */ = {isa = PBXBuildFile; fileRef = 739B70B41C22823E00BCD8BA /* RNAES.m */; };
/* End PBXBuildFile section */

/* Begin PBXCopyFilesBuildPhase section */
		739B70AD1C22823E00BCD8BA /* CopyFiles */ = {
			isa = PBXCopyFilesBuildPhase;
			buildActionMask = 2147483647;
			dstPath = "include/$(PRODUCT_NAME)";
			dstSubfolderSpec = 16;
			files = (
				739B70B31C22823E00BCD8BA /* RNAES.h in CopyFiles */,
			);
			runOnlyForDeploymentPostprocessing = 0;
		};
/* End PBXCopyFilesBuildPhase section */

/* Begin PBXFileReference section */
		739B70AF1C22823E00BCD8BA /* libRNAES.a */ = {isa = PBXFileReference; explicitFileType = archive.ar; includeInIndex = 0; path = libRNAES.a; sourceTree = BUILT_PRODUCTS_DIR; };
		739B70B21C22823E00BCD8BA /* RNAES.h */ = {isa = PBXFileReference; lastKnownFileType = sourcecode.c.h; path = RNAES.h; sourceTree = "<group>"; };
		739B70B41C22823E00BCD8BA /* RNAES.m */ = {isa = PBXFileReference; lastKnownFileType = sourcecode.c.objc; path = RNAES.m; sourceTree = "<group>"; };
/* End PBXFileReference section */

/* Begin PBXFrameworksBuildPhase section */
		739B70AC1C22823E00BCD8BA /* Frameworks */ = {
			isa = PBXFrameworksBuildPhase;
			buildActionMask = 2147483647;
			files = (
			);
			runOnlyForDeploymentPostprocessing = 0;
		};
/* End PBXFrameworksBuildPhase section */

/* Begin PBXGroup section */
		739B70A61C22823E00BCD8BA = {
			isa = PBXGroup;
			children = (
				739B70B11C22823E00BCD8BA /* RNAES */,
				739B70B01C22823E00BCD8BA /* Products */,
			);
			sourceTree = "<group>";
		};
		739B70B01C22823E00BCD8BA /* Products */ = {
			isa = PBXGroup;
			children = (
				739B70AF1C22823E00BCD8BA /* libRNAES.a */,
			);
			name = Products;
			sourceTree = "<group>";
		};
		739B70B11C22823E00BCD8BA /* RNAES */ = {
			isa = PBXGroup;
			children = (
				739B70B21C22823E00BCD8BA /* RNAES.h */,
				739B70B41C22823E00BCD8BA /* RNAES.m */,
			);
			path = RNAES;
			sourceTree = "<group>";
		};
/* End PBXGroup section */

/* Begin PBXNativeTarget section */
		739B70AE1C22823E00BCD8BA /* RNAES */ = {
			isa = PBXNativeTarget;
			buildConfigurationList = 739B70B81C22823E00BCD8BA /* Build configuration list for PBXNativeTarget "RNAES" */;
			buildPhases = (
				739B70AB1C22823E00BCD8BA /* Sources */,
				739B70AC1C22823E00BCD8BA /* Frameworks */,
				739B70AD1C22823E00BCD8BA /* CopyFiles */,
			);
			buildRules = (
			);
			dependencies = (
			);
			name = RNAES;
			productName = RNAES;
			productReference = 739B70AF1C22823E00BCD8BA /* libRNAES.a */;
			productType = "com.apple.product-type.library.static";
		};
/* End PBXNativeTarget section */

/* Begin PBXProject section */
		739B70A71C22823E00BCD8BA /* Project object */ = {
			isa = PBXProject;
			attributes = {
				LastUpgradeCheck = 0710;
				ORGANIZATIONNAME = "Tradle, Inc.";
				TargetAttributes = {
					739B70AE1C22823E00BCD8BA = {
						CreatedOnToolsVersion = 7.1.1;
					};
				};
			};
			buildConfigurationList = 739B70AA1C22823E00BCD8BA /* Build configuration list for PBXProject "RNAES" */;
			compatibilityVersion = "Xcode 3.2";
			developmentRegion = English;
			hasScannedForEncodings = 0;
			knownRegions = (
				en,
			);
			mainGroup = 739B70A61C22823E00BCD8BA;
			productRefGroup = 739B70B01C22823E00BCD8BA /* Products */;
			projectDirPath = "";
			projectRoot = "";
			targets = (
				739B70AE1C22823E00BCD8BA /* RNAES */,
			);
		};
/* End PBXProject section */

/* Begin PBXSourcesBuildPhase section */
		739B70AB1C22823E00BCD8BA /* Sources */ = {
			isa = PBXSourcesBuildPhase;
			buildActionMask = 2147483647;
			files = (
				739B70B51C22823E00BCD8BA /* RNAES.m in Sources */,
			);
			runOnlyForDeploymentPostprocessing = 0;
		};
/* End PBXSourcesBuildPhase section */

/* Begin XCBuildConfiguration section */
		739B70B61C22823E00BCD8BA /* Debug */ = {
			isa = XCBuildConfiguration;
			buildSettings = {
				ALWAYS_SEARCH_USER_PATHS = NO;
				CLANG_CXX_LANGUAGE_STANDARD = "gnu++0x";
				CLANG_CXX_LIBRARY = "libc++";
				CLANG_ENABLE_MODULES = YES;
				CLANG_ENABLE_OBJC_ARC = YES;
				CLANG_WARN_BOOL_CONVERSION = YES;
				CLANG_WARN_CONSTANT_CONVERSION = YES;
				CLANG_WARN_DIRECT_OBJC_ISA_USAGE = YES_ERROR;
				CLANG_WARN_EMPTY_BODY = YES;
				CLANG_WARN_ENUM_CONVERSION = YES;
				CLANG_WARN_INT_CONVERSION = YES;
				CLANG_WARN_OBJC_ROOT_CLASS = YES_ERROR;
				CLANG_WARN_UNREACHABLE_CODE = YES;
				CLANG_WARN__DUPLICATE_METHOD_MATCH = YES;
				"CODE_SIGN_IDENTITY[sdk=iphoneos*]" = "iPhone Developer";
				COPY_PHASE_STRIP = NO;
				DEBUG_INFORMATION_FORMAT = dwarf;
				ENABLE_STRICT_OBJC_MSGSEND = YES;
				ENABLE_TESTABILITY = YES;
				GCC_C_LANGUAGE_STANDARD = gnu99;
				GCC_DYNAMIC_NO_PIC = NO;
				GCC_NO_COMMON_BLOCKS = YES;
				GCC_OPTIMIZATION_LEVEL = 0;
				GCC_PREPROCESSOR_DEFINITIONS = (
					"DEBUG=1",
					"$(inherited)",
				);
				GCC_WARN_64_TO_32_BIT_CONVERSION = YES;
				GCC_WARN_ABOUT_RETURN_TYPE = YES_ERROR;
				GCC_WARN_UNDECLARED_SELECTOR = YES;
				GCC_WARN_UNINITIALIZED_AUTOS = YES_AGGRESSIVE;
				GCC_WARN_UNUSED_FUNCTION = YES;
				GCC_WARN_UNUSED_VARIABLE = YES;
				IPHONEOS_DEPLOYMENT_TARGET = 9.1;
				MTL_ENABLE_DEBUG_INFO = YES;
				ONLY_ACTIVE_ARCH = YES;
				SDKROOT = iphoneos;
			};
			name = Debug;
		};
		739B70B71C22823E00BCD8BA /* Release */ = {
			isa = XCBuildConfiguration;
			buildSettings = {
				ALWAYS_SEARCH_USER_PATHS = NO;
				CLANG_CXX_LANGUAGE_STANDARD = "gnu++0x";
				CLANG_CXX_LIBRARY = "libc++";
				CLANG_ENABLE_MODULES = YES;
				CLANG_ENABLE_OBJC_ARC = YES;
				CLANG_WARN_BOOL_CONVERSION = YES;
				CLANG_WARN_CONSTANT_CONVERSION = YES;
				CLANG_WARN_DIRECT_OBJC_ISA_USAGE = YES_ERROR;
				CLANG_WARN_EMPTY_BODY = YES;
				CLANG_WARN_ENUM_CONVERSION = YES;
				CLANG_WARN_INT_CONVERSION = YES;
				CLANG_WARN_OBJC_ROOT_CLASS = YES_ERROR;
				CLANG_WARN_UNREACHABLE_CODE = YES;
				CLANG_WARN__DUPLICATE_METHOD_MATCH = YES;
				"CODE_SIGN_IDENTITY[sdk=iphoneos*]" = "iPhone Developer";
				COPY_PHASE_STRIP = NO;
				DEBUG_INFORMATION_FORMAT = "dwarf-with-dsym";
				ENABLE_NS_ASSERTIONS = NO;
				ENABLE_STRICT_OBJC_MSGSEND = YES;
				GCC_C_LANGUAGE_STANDARD = gnu99;
				GCC_NO_COMMON_BLOCKS = YES;
				GCC_WARN_64_TO_32_BIT_CONVERSION = YES;
				GCC_WARN_ABOUT_RETURN_TYPE = YES_ERROR;
				GCC_WARN_UNDECLARED_SELECTOR = YES;
				GCC_WARN_UNINITIALIZED_AUTOS = YES_AGGRESSIVE;
				GCC_WARN_UNUSED_FUNCTION = YES;
				GCC_WARN_UNUSED_VARIABLE = YES;
				IPHONEOS_DEPLOYMENT_TARGET = 9.1;
				MTL_ENABLE_DEBUG_INFO = NO;
				SDKROOT = iphoneos;
				VALIDATE_PRODUCT = YES;
			};
			name = Release;
		};
		739B70B91C22823E00BCD8BA /* Debug */ = {
			isa = XCBuildConfiguration;
			buildSettings = {
				HEADER_SEARCH_PATHS = "$(SRCROOT)/../../react-native/React/**";
				OTHER_LDFLAGS = "-ObjC";
				PRODUCT_NAME = "$(TARGET_NAME)";
				SKIP_INSTALL = YES;
			};
			name = Debug;
		};
		739B70BA1C22823E00BCD8BA /* Release */ = {
			isa = XCBuildConfiguration;
			buildSettings = {
				HEADER_SEARCH_PATHS = "$(SRCROOT)/../../react-native/React/**";
				OTHER_LDFLAGS = "-ObjC";
				PRODUCT_NAME = "$(TARGET_NAME)";
				SKIP_INSTALL = YES;
			};
			name = Release;
		};
/* End XCBuildConfiguration section */

/* Begin XCConfigurationList section */
		739B70AA1C22823E00BCD8BA /* Build configuration list for PBXProject "RNAES" */ = {
			isa = XCConfigurationList;
			buildConfigurations = (
				739B70B61C22823E00BCD8BA /* Debug */,
				739B70B71C22823E00BCD8BA /* Release */,
			);
			defaultConfigurationIsVisible = 0;
			defaultConfigurationName = Release;
		};
		739B70B81C22823E00BCD8BA /* Build configuration list for PBXNativeTarget "RNAES" */ = {
			isa = XCConfigurationList;
			buildConfigurations = (
				739B70B91C22823E00BCD8BA /* Debug */,
				739B70BA1C22823E00BCD8BA /* Release */,
			);
			defaultConfigurationIsVisible = 0;
			defaultConfigurationName = Release;
		};
/* End XCConfigurationList section */
	};
	rootObject = 739B70A71C22823E00BCD8BA /* Project object */;
}
